{
  "name": "loradash",
  "lockfileVersion": 3,
  "requires": true,
  "packages": {
    "": {
      "name": "loradash",
      "dependencies": {
        "@meshtastic/js": "^2.3.0-0"
      },
      "devDependencies": {
        "bun-types": "latest"
      },
      "peerDependencies": {
        "typescript": "^5.0.0"
      }
    },
    "node_modules/@meshtastic/js": {
      "version": "2.3.0-0",
      "resolved": "https://registry.npmjs.org/@meshtastic/js/-/js-2.3.0-0.tgz",
      "integrity": "sha512-BN+SZU1weKw9jSAV905wOaCL5R2nh1f9LGKz3csXqJcbe2Dxbjg2KMZjR8jbC1e9gprcEbifVCDgGZfMc9hN1Q==",
      "dependencies": {
        "crc": "^4.3.2",
        "sub-events": "^1.9.0",
        "tslog": "^4.9.2"
      }
    },
    "node_modules/@types/node": {
      "version": "20.11.30",
      "dev": true,
      "license": "MIT",
      "dependencies": {
        "undici-types": "~5.26.4"
      }
    },
    "node_modules/@types/ws": {
      "version": "8.5.10",
      "dev": true,
      "license": "MIT",
      "dependencies": {
        "@types/node": "*"
      }
    },
    "node_modules/bun-types": {
      "version": "1.0.33",
      "resolved": "https://registry.npmjs.org/bun-types/-/bun-types-1.0.33.tgz",
      "integrity": "sha512-L5tBIf9g6rBBkvshqysi5NoLQ9NnhSPU1pfJ9FzqoSfofYdyac3WLUnOIuQ+M5za/sooVUOP2ko+E6Tco0OLIA==",
      "dev": true,
      "dependencies": {
        "@types/node": "~20.11.3",
        "@types/ws": "~8.5.10"
      }
    },
    "node_modules/crc": {
      "version": "4.3.2",
      "resolved": "https://registry.npmjs.org/crc/-/crc-4.3.2.tgz",
      "integrity": "sha512-uGDHf4KLLh2zsHa8D8hIQ1H/HtFQhyHrc0uhHBcoKGol/Xnb+MPYfUMw7cvON6ze/GUESTudKayDcJC5HnJv1A==",
      "engines": {
        "node": ">=12"
      },
      "peerDependencies": {
        "buffer": ">=6.0.3"
      },
      "peerDependenciesMeta": {
        "buffer": {
          "optional": true
        }
      }
    },
    "node_modules/sub-events": {
      "version": "1.9.0",
      "resolved": "https://registry.npmjs.org/sub-events/-/sub-events-1.9.0.tgz",
      "integrity": "sha512-dnFBayilG9Ku0k/lNs1Y7WV4kv91+ovCoeBV3uIYrY49DylvBb6z9d9ED2ctcrvX2YlReFalpCgJNtSgmrOaJg==",
      "engines": {
        "node": ">=10.0.0"
      }
    },
    "node_modules/tslog": {
      "version": "4.9.2",
      "resolved": "https://registry.npmjs.org/tslog/-/tslog-4.9.2.tgz",
      "integrity": "sha512-wBM+LRJoNl34Bdu8mYEFxpvmOUedpNUwMNQB/NcuPIZKwdDde6xLHUev3bBjXQU7gdurX++X/YE7gLH8eXYsiQ==",
      "engines": {
        "node": ">=16"
      },
      "funding": {
        "url": "https://github.com/fullstack-build/tslog?sponsor=1"
      }
    },
    "node_modules/typescript": {
      "version": "5.4.3",
      "license": "Apache-2.0",
      "peer": true,
      "bin": {
        "tsc": "bin/tsc",
        "tsserver": "bin/tsserver"
      },
      "engines": {
        "node": ">=14.17"
      }
    },
    "node_modules/undici-types": {
      "version": "5.26.5",
      "dev": true,
      "license": "MIT"
    }
  }
}
